<?xml version="1.0" encoding="utf-8"?>
<Project ToolsVersion="4.0" xmlns="http://schemas.microsoft.com/developer/msbuild/2003">
  <ItemGroup>
    <Filter Include="Resource Files">
      <UniqueIdentifier>{67DA6AB6-F800-4c08-8B7A-83BB121AAD01}</UniqueIdentifier>
      <Extensions>rc;ico;cur;bmp;dlg;rc2;rct;bin;rgs;gif;jpg;jpeg;jpe;resx;tiff;tif;png;wav;mfcribbon-ms</Extensions>
    </Filter>
    <Filter Include="render">
      <UniqueIdentifier>{4ccba57a-2616-4d56-9e64-29cfbcb4b79e}</UniqueIdentifier>
    </Filter>
    <Filter Include="device">
      <UniqueIdentifier>{a6ce694e-3a36-4758-81c0-aab761fb5937}</UniqueIdentifier>
    </Filter>
  </ItemGroup>
  <ItemGroup>
    <ClCompile Include="scatter.cpp" />
    <ClCompile Include="render\SED3D11Driver.cpp">
      <Filter>render</Filter>
    </ClCompile>
    <ClCompile Include="render\SENullDriver.cpp">
      <Filter>render</Filter>
    </ClCompile>
    <ClCompile Include="device\SEDeviceWin32.cpp">
      <Filter>device</Filter>
    </ClCompile>
    <ClCompile Include="device\SEIDevice.cpp">
      <Filter>device</Filter>
    </ClCompile>
  </ItemGroup>
  <ItemGroup>
    <ClInclude Include="render\SED3D11Driver.h">
      <Filter>render</Filter>
    </ClInclude>
    <ClInclude Include="render\SENullDriver.h">
      <Filter>render</Filter>
    </ClInclude>
    <ClInclude Include="scatter.h" />
    <ClInclude Include="render\SEDriverTypes.h">
      <Filter>render</Filter>
    </ClInclude>
    <ClInclude Include="device\SEDeviceCreationParameter.h">
      <Filter>device</Filter>
    </ClInclude>
    <ClInclude Include="device\SEDeviceWin32.h">
      <Filter>device</Filter>
    </ClInclude>
    <ClInclude Include="se_config.h" />
    <ClInclude Include="render\SEIDriver.h">
      <Filter>render</Filter>
    </ClInclude>
    <ClInclude Include="device\SEIDevice.h">
      <Filter>device</Filter>
    </ClInclude>
  </ItemGroup>
</Project>